schema: '2.0'
stages:
  data_ingestion:
    cmd: python src/cnnClassifier/pipeline/stage_01_data_ingestion.py
    deps:
    - path: config/config.yaml
      hash: md5
      md5: 13acf1b5c49ea8bafb00f3af792b28f0
      size: 810
    - path: src/cnnClassifier/pipeline/stage_01_data_ingestion.py
      hash: md5
      md5: 6044c2d51af788e64c33ed03e96e7d28
      size: 906
    outs:
    - path: artifacts/data_ingestion/Chicken-fecal-images
      hash: md5
      md5: 9e1f8dd2eae3c29e9d635df89d438ae4.dir
      size: 12207807
      nfiles: 390
  prepare_base_model:
    cmd: python src/cnnClassifier/pipeline/stage_02_prepare_base_model.py
    deps:
    - path: config/config.yaml
      hash: md5
      md5: 13acf1b5c49ea8bafb00f3af792b28f0
      size: 810
    - path: src/cnnClassifier/pipeline/stage_02_prepare_base_model.py
      hash: md5
      md5: 2770330dcb8a0750d2cc00d164eaad60
      size: 952
    params:
      params.yaml:
        CLASSES: 2
        IMAGE_SIZE:
        - 224
        - 224
        - 3
        INCLUDE_TOP: false
        LEARNING_RATE: 0.01
        WEIGHTS: imagenet
    outs:
    - path: artifacts/prepare_base_model
      hash: md5
      md5: 1f21817801f0d9413c00334f4ca83ef6.dir
      size: 118059248
      nfiles: 2
  training:
    cmd: python src/cnnClassifier/pipeline/stage_03_training.py
    deps:
    - path: artifacts/data_ingestion/Chicken-fecal-images
      hash: md5
      md5: 9e1f8dd2eae3c29e9d635df89d438ae4.dir
      size: 12207807
      nfiles: 390
    - path: artifacts/prepare_base_model
      hash: md5
      md5: 1f21817801f0d9413c00334f4ca83ef6.dir
      size: 118059248
      nfiles: 2
    - path: config/config.yaml
      hash: md5
      md5: 13acf1b5c49ea8bafb00f3af792b28f0
      size: 810
    - path: src/cnnClassifier/components/prepare_callbacks.py
      hash: md5
      md5: 180740cc44a0a46598efab2221e37625
      size: 1136
    - path: src/cnnClassifier/pipeline/stage_03_training.py
      hash: md5
      md5: 6eaf436d0b603cf09fb653d66717f0d4
      size: 1250
    params:
      params.yaml:
        AUGMENTATION: true
        BATCH_SIZE: 16
        EPOCHS: 1
        IMAGE_SIZE:
        - 224
        - 224
        - 3
    outs:
    - path: artifacts/training/model.h5
      hash: md5
      md5: 70c83373af52a448db5bd5b04ddf71dd
      size: 59340720
  evaluation:
    cmd: python src/cnnClassifier/pipeline/stage_04_evaluation.py
    deps:
    - path: artifacts/data_ingestion/Chicken-fecal-images
      hash: md5
      md5: 9e1f8dd2eae3c29e9d635df89d438ae4.dir
      size: 12207807
      nfiles: 390
    - path: artifacts/training/model.h5
      hash: md5
      md5: 70c83373af52a448db5bd5b04ddf71dd
      size: 59340720
    - path: config/config.yaml
      hash: md5
      md5: 13acf1b5c49ea8bafb00f3af792b28f0
      size: 810
    - path: src/cnnClassifier/pipeline/stage_04_evaluation.py
      hash: md5
      md5: 413197d6e0f178dfe74da1a81c7590d7
      size: 859
    params:
      params.yaml:
        BATCH_SIZE: 16
        IMAGE_SIZE:
        - 224
        - 224
        - 3
    outs:
    - path: scores.json
      hash: md5
      md5: e28a47196f6398b21d1f652ed841d191
      size: 57
